
Microsoft Visual Studio Solution File, Format Version 12.00
# Visual Studio Version 17
VisualStudioVersion = 17.9.34723.18
MinimumVisualStudioVersion = 10.0.40219.1
Project("{FAE04EC0-301F-11D3-BF4B-00C04F79EFBC}") = "AI-SporSalonuTahmini", "AI-SporSalonuTahmini.csproj", "{1AED14D9-8CAA-4C53-9FE1-D68918FF2981}"
EndProject
Global
	GlobalSection(SolutionConfigurationPlatforms) = preSolution
		Debug|Any CPU = Debug|Any CPU
		Release|Any CPU = Release|Any CPU
	EndGlobalSection
	GlobalSection(ProjectConfigurationPlatforms) = postSolution
		{1AED14D9-8CAA-4C53-9FE1-D68918FF2981}.Debug|Any CPU.ActiveCfg = Debug|Any CPU
		{1AED14D9-8CAA-4C53-9FE1-D68918FF2981}.Debug|Any CPU.Build.0 = Debug|Any CPU
		{1AED14D9-8CAA-4C53-9FE1-D68918FF2981}.Release|Any CPU.ActiveCfg = Release|Any CPU
		{1AED14D9-8CAA-4C53-9FE1-D68918FF2981}.Release|Any CPU.Build.0 = Release|Any CPU
	EndGlobalSection
	GlobalSection(SolutionProperties) = preSolution
		HideSolutionNode = FALSE
	EndGlobalSection
	GlobalSection(ExtensibilityGlobals) = postSolution
		SolutionGuid = {08CB1B21-AA3D-4CD1-98FA-5AC47403AB1B}
	EndGlobalSection
EndGlobal
